
Microsoft Visual Studio Solution File, Format Version 12.00
# Visual Studio Version 17
VisualStudioVersion = 17.6.33723.286
MinimumVisualStudioVersion = 10.0.40219.1
Project("{FAE04EC0-301F-11D3-BF4B-00C04F79EFBC}") = "Practics1", "Practics1\Practics1.csproj", "{A923D6F1-5918-4F24-ABE3-010C425D0C6C}"
EndProject
Project("{FAE04EC0-301F-11D3-BF4B-00C04F79EFBC}") = "TestPractics1", "TestPractics1\TestPractics1.csproj", "{864B21F0-D8F2-4E33-B246-699AFF965857}"
	ProjectSection(ProjectDependencies) = postProject
		{A923D6F1-5918-4F24-ABE3-010C425D0C6C} = {A923D6F1-5918-4F24-ABE3-010C425D0C6C}
	EndProjectSection
EndProject
Global
	GlobalSection(SolutionConfigurationPlatforms) = preSolution
		Debug|Any CPU = Debug|Any CPU
		Release|Any CPU = Release|Any CPU
	EndGlobalSection
	GlobalSection(ProjectConfigurationPlatforms) = postSolution
		{A923D6F1-5918-4F24-ABE3-010C425D0C6C}.Debug|Any CPU.ActiveCfg = Debug|Any CPU
		{A923D6F1-5918-4F24-ABE3-010C425D0C6C}.Debug|Any CPU.Build.0 = Debug|Any CPU
		{A923D6F1-5918-4F24-ABE3-010C425D0C6C}.Release|Any CPU.ActiveCfg = Release|Any CPU
		{A923D6F1-5918-4F24-ABE3-010C425D0C6C}.Release|Any CPU.Build.0 = Release|Any CPU
		{864B21F0-D8F2-4E33-B246-699AFF965857}.Debug|Any CPU.ActiveCfg = Debug|Any CPU
		{864B21F0-D8F2-4E33-B246-699AFF965857}.Debug|Any CPU.Build.0 = Debug|Any CPU
		{864B21F0-D8F2-4E33-B246-699AFF965857}.Release|Any CPU.ActiveCfg = Release|Any CPU
		{864B21F0-D8F2-4E33-B246-699AFF965857}.Release|Any CPU.Build.0 = Release|Any CPU
	EndGlobalSection
	GlobalSection(SolutionProperties) = preSolution
		HideSolutionNode = FALSE
	EndGlobalSection
	GlobalSection(ExtensibilityGlobals) = postSolution
		SolutionGuid = {66186FD3-C565-45DC-8B8A-247C2233FEA0}
	EndGlobalSection
EndGlobal
